<?xml version="1.0" encoding="utf-8"?>
<Project ToolsVersion="4.0" xmlns="http://schemas.microsoft.com/developer/msbuild/2003">
  <ItemGroup>
    <Filter Include="imgui">
      <UniqueIdentifier>{a612c08d-233e-4e44-955b-82b04e54ef50}</UniqueIdentifier>
    </Filter>
    <Filter Include="shader">
      <UniqueIdentifier>{0e066b60-8aa8-4794-910b-4de47956339e}</UniqueIdentifier>
    </Filter>
  </ItemGroup>
  <ItemGroup>
    <None Include="..\src\shader\window.vert">
      <Filter>shader</Filter>
    </None>
    <None Include="..\src\shader\window.frag">
      <Filter>shader</Filter>
    </None>
    <None Include="..\src\shader\face.frag">
      <Filter>shader</Filter>
    </None>
    <None Include="..\src\shader\face.vert">
      <Filter>shader</Filter>
    </None>
  </ItemGroup>
  <ItemGroup>
    <ClCompile Include="..\3rd\imgui\imgui.cpp">
      <Filter>imgui</Filter>
    </ClCompile>
    <ClCompile Include="..\3rd\imgui\imgui_draw.cpp">
      <Filter>imgui</Filter>
    </ClCompile>
    <ClCompile Include="..\3rd\imgui\imgui_widgets.cpp">
      <Filter>imgui</Filter>
    </ClCompile>
    <ClCompile Include="..\3rd\imgui\imgui_demo.cpp">
      <Filter>imgui</Filter>
    </ClCompile>
    <ClCompile Include="..\3rd\imgui\examples\imgui_impl_glfw.cpp">
      <Filter>imgui</Filter>
    </ClCompile>
    <ClCompile Include="..\3rd\imgui\examples\imgui_impl_opengl3.cpp">
      <Filter>imgui</Filter>
    </ClCompile>
    <ClCompile Include="..\src\glsl_program.cpp" />
    <ClCompile Include="..\src\quad.cpp" />
    <ClCompile Include="..\src\window.cpp" />
    <ClCompile Include="..\src\main.cpp" />
    <ClCompile Include="..\src\tracker.cpp" />
    <ClCompile Include="..\src\face.cpp" />
    <ClCompile Include="..\src\menu.cpp" />
    <ClCompile Include="..\src\application.cpp" />
    <ClCompile Include="..\src\correspondences.cpp" />
  </ItemGroup>
  <ItemGroup>
    <ClInclude Include="..\3rd\imgui\imgui.h">
      <Filter>imgui</Filter>
    </ClInclude>
    <ClInclude Include="..\3rd\imgui\imgui_internal.h">
      <Filter>imgui</Filter>
    </ClInclude>
    <ClInclude Include="..\3rd\imgui\imstb_rectpack.h">
      <Filter>imgui</Filter>
    </ClInclude>
    <ClInclude Include="..\3rd\imgui\imstb_textedit.h">
      <Filter>imgui</Filter>
    </ClInclude>
    <ClInclude Include="..\3rd\imgui\imstb_truetype.h">
      <Filter>imgui</Filter>
    </ClInclude>
    <ClInclude Include="..\3rd\imgui\examples\imgui_impl_glfw.h">
      <Filter>imgui</Filter>
    </ClInclude>
    <ClInclude Include="..\3rd\imgui\examples\imgui_impl_opengl3.h">
      <Filter>imgui</Filter>
    </ClInclude>
    <ClInclude Include="..\src\device_util.h" />
    <ClInclude Include="..\src\glsl_program.h" />
    <ClInclude Include="..\src\quad.h" />
    <ClInclude Include="..\src\util.h" />
    <ClInclude Include="..\src\window.h" />
    <ClInclude Include="..\src\face.h" />
    <ClInclude Include="..\src\tracker.h" />
    <ClInclude Include="..\src\device_array.h" />
    <ClInclude Include="..\src\menu.h" />
    <ClInclude Include="..\src\solver.h" />
    <ClInclude Include="..\src\gauss_newton.h" />
    <ClInclude Include="..\src\correspondences.h" />
    <ClInclude Include="..\src\application.h" />
  </ItemGroup>
  <ItemGroup>
    <CudaCompile Include="..\src\face.cu" />
  </ItemGroup>
</Project>